
Microsoft Visual Studio Solution File, Format Version 12.00
# Visual Studio Version 16
VisualStudioVersion = 16.0.31112.23
MinimumVisualStudioVersion = 10.0.40219.1
Project("{FAE04EC0-301F-11D3-BF4B-00C04F79EFBC}") = "testingGitHub2", "testingGitHub2.csproj", "{996FC103-DDA3-4D81-BD25-054D63783BBD}"
EndProject
Global
	GlobalSection(SolutionConfigurationPlatforms) = preSolution
		Debug|Any CPU = Debug|Any CPU
		Release|Any CPU = Release|Any CPU
	EndGlobalSection
	GlobalSection(ProjectConfigurationPlatforms) = postSolution
		{996FC103-DDA3-4D81-BD25-054D63783BBD}.Debug|Any CPU.ActiveCfg = Debug|Any CPU
		{996FC103-DDA3-4D81-BD25-054D63783BBD}.Debug|Any CPU.Build.0 = Debug|Any CPU
		{996FC103-DDA3-4D81-BD25-054D63783BBD}.Release|Any CPU.ActiveCfg = Release|Any CPU
		{996FC103-DDA3-4D81-BD25-054D63783BBD}.Release|Any CPU.Build.0 = Release|Any CPU
	EndGlobalSection
	GlobalSection(SolutionProperties) = preSolution
		HideSolutionNode = FALSE
	EndGlobalSection
	GlobalSection(ExtensibilityGlobals) = postSolution
		SolutionGuid = {DE6354BC-CCA9-48AF-BAB3-7B88749D8E6E}
	EndGlobalSection
EndGlobal
